
Microsoft Visual Studio Solution File, Format Version 12.00
# Visual Studio 14
VisualStudioVersion = 14.0.25420.1
MinimumVisualStudioVersion = 10.0.40219.1
Project("{FAE04EC0-301F-11D3-BF4B-00C04F79EFBC}") = "FastFood", "FastFood\FastFood.csproj", "{AEFA7F9F-96B2-4183-87FE-65B6F0A669E8}"
EndProject
Project("{2150E333-8FDC-42A3-9474-1A3956D46DE8}") = "Solution Items", "Solution Items", "{8F7633AE-E025-48B9-B046-EFD31E2C8202}"
EndProject
Global
	GlobalSection(SolutionConfigurationPlatforms) = preSolution
		Debug|Any CPU = Debug|Any CPU
		Release|Any CPU = Release|Any CPU
	EndGlobalSection
	GlobalSection(ProjectConfigurationPlatforms) = postSolution
		{AEFA7F9F-96B2-4183-87FE-65B6F0A669E8}.Debug|Any CPU.ActiveCfg = Debug|Any CPU
		{AEFA7F9F-96B2-4183-87FE-65B6F0A669E8}.Debug|Any CPU.Build.0 = Debug|Any CPU
		{AEFA7F9F-96B2-4183-87FE-65B6F0A669E8}.Release|Any CPU.ActiveCfg = Release|Any CPU
		{AEFA7F9F-96B2-4183-87FE-65B6F0A669E8}.Release|Any CPU.Build.0 = Release|Any CPU
	EndGlobalSection
	GlobalSection(SolutionProperties) = preSolution
		HideSolutionNode = FALSE
	EndGlobalSection
EndGlobal
